// !$*UTF8*$!
{
	archiveVersion = 1;
	classes = {
	};
	objectVersion = 46;
	objects = {

/* Begin PBXBuildFile section */
		33338A2E86C0CB49F1CF54BC /* Pods_DemoBarCodeGen.framework in Frameworks */ = {isa = PBXBuildFile; fileRef = CF59E0F48A69EAE9125CC795 /* Pods_DemoBarCodeGen.framework */; };
		B66CCD021EBCDE61000A18FA /* AppDelegate.swift in Sources */ = {isa = PBXBuildFile; fileRef = B66CCD011EBCDE61000A18FA /* AppDelegate.swift */; };
		B66CCD041EBCDE61000A18FA /* ViewController.swift in Sources */ = {isa = PBXBuildFile; fileRef = B66CCD031EBCDE61000A18FA /* ViewController.swift */; };
		B66CCD071EBCDE61000A18FA /* Main.storyboard in Resources */ = {isa = PBXBuildFile; fileRef = B66CCD051EBCDE61000A18FA /* Main.storyboard */; };
		B66CCD091EBCDE61000A18FA /* Assets.xcassets in Resources */ = {isa = PBXBuildFile; fileRef = B66CCD081EBCDE61000A18FA /* Assets.xcassets */; };
		B66CCD0C1EBCDE61000A18FA /* LaunchScreen.storyboard in Resources */ = {isa = PBXBuildFile; fileRef = B66CCD0A1EBCDE61000A18FA /* LaunchScreen.storyboard */; };
		B67C97C81EC0E72500E6D81A /* GoogleService-Info.plist in Resources */ = {isa = PBXBuildFile; fileRef = B67C97C71EC0E72500E6D81A /* GoogleService-Info.plist */; };
/* End PBXBuildFile section */

/* Begin PBXFileReference section */
		B66CCCFE1EBCDE61000A18FA /* DemoBarCodeGen.app */ = {isa = PBXFileReference; explicitFileType = wrapper.application; includeInIndex = 0; path = DemoBarCodeGen.app; sourceTree = BUILT_PRODUCTS_DIR; };
		B66CCD011EBCDE61000A18FA /* AppDelegate.swift */ = {isa = PBXFileReference; lastKnownFileType = sourcecode.swift; path = AppDelegate.swift; sourceTree = "<group>"; };
		B66CCD031EBCDE61000A18FA /* ViewController.swift */ = {isa = PBXFileReference; lastKnownFileType = sourcecode.swift; path = ViewController.swift; sourceTree = "<group>"; };
		B66CCD061EBCDE61000A18FA /* Base */ = {isa = PBXFileReference; lastKnownFileType = file.storyboard; name = Base; path = Base.lproj/Main.storyboard; sourceTree = "<group>"; };
		B66CCD081EBCDE61000A18FA /* Assets.xcassets */ = {isa = PBXFileReference; lastKnownFileType = folder.assetcatalog; path = Assets.xcassets; sourceTree = "<group>"; };
		B66CCD0B1EBCDE61000A18FA /* Base */ = {isa = PBXFileReference; lastKnownFileType = file.storyboard; name = Base; path = Base.lproj/LaunchScreen.storyboard; sourceTree = "<group>"; };
		B66CCD0D1EBCDE61000A18FA /* Info.plist */ = {isa = PBXFileReference; lastKnownFileType = text.plist.xml; path = Info.plist; sourceTree = "<group>"; };
		B67C97C71EC0E72500E6D81A /* GoogleService-Info.plist */ = {isa = PBXFileReference; fileEncoding = 4; lastKnownFileType = text.plist.xml; path = "GoogleService-Info.plist"; sourceTree = "<group>"; };
		CF59E0F48A69EAE9125CC795 /* Pods_DemoBarCodeGen.framework */ = {isa = PBXFileReference; explicitFileType = wrapper.framework; includeInIndex = 0; path = Pods_DemoBarCodeGen.framework; sourceTree = BUILT_PRODUCTS_DIR; };
		D05F0B88B258F667871F4025 /* Pods-DemoBarCodeGen.release.xcconfig */ = {isa = PBXFileReference; includeInIndex = 1; lastKnownFileType = text.xcconfig; name = "Pods-DemoBarCodeGen.release.xcconfig"; path = "Pods/Target Support Files/Pods-DemoBarCodeGen/Pods-DemoBarCodeGen.release.xcconfig"; sourceTree = "<group>"; };
		E44B08CBDDF025C1C0D5A73B /* Pods-DemoBarCodeGen.debug.xcconfig */ = {isa = PBXFileReference; includeInIndex = 1; lastKnownFileType = text.xcconfig; name = "Pods-DemoBarCodeGen.debug.xcconfig"; path = "Pods/Target Support Files/Pods-DemoBarCodeGen/Pods-DemoBarCodeGen.debug.xcconfig"; sourceTree = "<group>"; };
/* End PBXFileReference section */

/* Begin PBXFrameworksBuildPhase section */
		B66CCCFB1EBCDE61000A18FA /* Frameworks */ = {
			isa = PBXFrameworksBuildPhase;
			buildActionMask = 2147483647;
			files = (
				33338A2E86C0CB49F1CF54BC /* Pods_DemoBarCodeGen.framework in Frameworks */,
			);
			runOnlyForDeploymentPostprocessing = 0;
		};
/* End PBXFrameworksBuildPhase section */

/* Begin PBXGroup section */
		090561B7E4927E5FA76AB5AB /* Frameworks */ = {
			isa = PBXGroup;
			children = (
				CF59E0F48A69EAE9125CC795 /* Pods_DemoBarCodeGen.framework */,
			);
			name = Frameworks;
			sourceTree = "<group>";
		};
		0ED2D831C0C36BC7E92699AE /* Pods */ = {
			isa = PBXGroup;
			children = (
				E44B08CBDDF025C1C0D5A73B /* Pods-DemoBarCodeGen.debug.xcconfig */,
				D05F0B88B258F667871F4025 /* Pods-DemoBarCodeGen.release.xcconfig */,
			);
			name = Pods;
			sourceTree = "<group>";
		};
		B66CCCF51EBCDE61000A18FA = {
			isa = PBXGroup;
			children = (
				B66CCD001EBCDE61000A18FA /* DemoBarCodeGen */,
				B66CCCFF1EBCDE61000A18FA /* Products */,
				0ED2D831C0C36BC7E92699AE /* Pods */,
				090561B7E4927E5FA76AB5AB /* Frameworks */,
			);
			sourceTree = "<group>";
		};
		B66CCCFF1EBCDE61000A18FA /* Products */ = {
			isa = PBXGroup;
			children = (
				B66CCCFE1EBCDE61000A18FA /* DemoBarCodeGen.app */,
			);
			name = Products;
			sourceTree = "<group>";
		};
		B66CCD001EBCDE61000A18FA /* DemoBarCodeGen */ = {
			isa = PBXGroup;
			children = (
				B67C97C61EC0E6B800E6D81A /* Supporting Files */,
				B66CCD031EBCDE61000A18FA /* ViewController.swift */,
				B66CCD051EBCDE61000A18FA /* Main.storyboard */,
			);
			path = DemoBarCodeGen;
			sourceTree = "<group>";
		};
		B67C97C61EC0E6B800E6D81A /* Supporting Files */ = {
			isa = PBXGroup;
			children = (
				B67C97C71EC0E72500E6D81A /* GoogleService-Info.plist */,
				B66CCD011EBCDE61000A18FA /* AppDelegate.swift */,
				B66CCD081EBCDE61000A18FA /* Assets.xcassets */,
				B66CCD0A1EBCDE61000A18FA /* LaunchScreen.storyboard */,
				B66CCD0D1EBCDE61000A18FA /* Info.plist */,
			);
			name = "Supporting Files";
			sourceTree = "<group>";
		};
/* End PBXGroup section */

/* Begin PBXNativeTarget section */
		B66CCCFD1EBCDE61000A18FA /* DemoBarCodeGen */ = {
			isa = PBXNativeTarget;
			buildConfigurationList = B66CCD101EBCDE61000A18FA /* Build configuration list for PBXNativeTarget "DemoBarCodeGen" */;
			buildPhases = (
				66FFF603466A2E2D8CCA094E /* [CP] Check Pods Manifest.lock */,
				B66CCCFA1EBCDE61000A18FA /* Sources */,
				B66CCCFB1EBCDE61000A18FA /* Frameworks */,
				B66CCCFC1EBCDE61000A18FA /* Resources */,
				0BF14F651BE6A673D0674B36 /* [CP] Embed Pods Frameworks */,
				E35E26B9A2F93498CA8189D8 /* [CP] Copy Pods Resources */,
			);
			buildRules = (
			);
			dependencies = (
			);
			name = DemoBarCodeGen;
			productName = DemoBarCodeGen;
			productReference = B66CCCFE1EBCDE61000A18FA /* DemoBarCodeGen.app */;
			productType = "com.apple.product-type.application";
		};
/* End PBXNativeTarget section */

/* Begin PBXProject section */
		B66CCCF61EBCDE61000A18FA /* Project object */ = {
			isa = PBXProject;
			attributes = {
				LastSwiftUpdateCheck = 0810;
				LastUpgradeCheck = 0810;
				ORGANIZATIONNAME = "Aldo Lugo";
				TargetAttributes = {
					B66CCCFD1EBCDE61000A18FA = {
						CreatedOnToolsVersion = 8.1;
						DevelopmentTeam = BBFCPF47ZM;
						ProvisioningStyle = Automatic;
					};
				};
			};
			buildConfigurationList = B66CCCF91EBCDE61000A18FA /* Build configuration list for PBXProject "DemoBarCodeGen" */;
			compatibilityVersion = "Xcode 3.2";
			developmentRegion = English;
			hasScannedForEncodings = 0;
			knownRegions = (
				en,
				Base,
			);
			mainGroup = B66CCCF51EBCDE61000A18FA;
			productRefGroup = B66CCCFF1EBCDE61000A18FA /* Products */;
			projectDirPath = "";
			projectRoot = "";
			targets = (
				B66CCCFD1EBCDE61000A18FA /* DemoBarCodeGen */,
			);
		};
/* End PBXProject section */

/* Begin PBXResourcesBuildPhase section */
		B66CCCFC1EBCDE61000A18FA /* Resources */ = {
			isa = PBXResourcesBuildPhase;
			buildActionMask = 2147483647;
			files = (
				B66CCD0C1EBCDE61000A18FA /* LaunchScreen.storyboard in Resources */,
				B67C97C81EC0E72500E6D81A /* GoogleService-Info.plist in Resources */,
				B66CCD091EBCDE61000A18FA /* Assets.xcassets in Resources */,
				B66CCD071EBCDE61000A18FA /* Main.storyboard in Resources */,
			);
			runOnlyForDeploymentPostprocessing = 0;
		};
/* End PBXResourcesBuildPhase section */

/* Begin PBXShellScriptBuildPhase section */
		0BF14F651BE6A673D0674B36 /* [CP] Embed Pods Frameworks */ = {
			isa = PBXShellScriptBuildPhase;
			buildActionMask = 2147483647;
			files = (
			);
			inputPaths = (
			);
			name = "[CP] Embed Pods Frameworks";
			outputPaths = (
			);
			runOnlyForDeploymentPostprocessing = 0;
			shellPath = /bin/sh;
			shellScript = "\"${SRCROOT}/Pods/Target Support Files/Pods-DemoBarCodeGen/Pods-DemoBarCodeGen-frameworks.sh\"\n";
			showEnvVarsInLog = 0;
		};
		66FFF603466A2E2D8CCA094E /* [CP] Check Pods Manifest.lock */ = {
			isa = PBXShellScriptBuildPhase;
			buildActionMask = 2147483647;
			files = (
			);
			inputPaths = (
			);
			name = "[CP] Check Pods Manifest.lock";
			outputPaths = (
			);
			runOnlyForDeploymentPostprocessing = 0;
			shellPath = /bin/sh;
			shellScript = "diff \"${PODS_ROOT}/../Podfile.lock\" \"${PODS_ROOT}/Manifest.lock\" > /dev/null\nif [ $? != 0 ] ; then\n    # print error to STDERR\n    echo \"error: The sandbox is not in sync with the Podfile.lock. Run 'pod install' or update your CocoaPods installation.\" >&2\n    exit 1\nfi\n";
			showEnvVarsInLog = 0;
		};
		E35E26B9A2F93498CA8189D8 /* [CP] Copy Pods Resources */ = {
			isa = PBXShellScriptBuildPhase;
			buildActionMask = 2147483647;
			files = (
			);
			inputPaths = (
			);
			name = "[CP] Copy Pods Resources";
			outputPaths = (
			);
			runOnlyForDeploymentPostprocessing = 0;
			shellPath = /bin/sh;
			shellScript = "\"${SRCROOT}/Pods/Target Support Files/Pods-DemoBarCodeGen/Pods-DemoBarCodeGen-resources.sh\"\n";
			showEnvVarsInLog = 0;
		};
/* End PBXShellScriptBuildPhase section */

/* Begin PBXSourcesBuildPhase section */
		B66CCCFA1EBCDE61000A18FA /* Sources */ = {
			isa = PBXSourcesBuildPhase;
			buildActionMask = 2147483647;
			files = (
				B66CCD041EBCDE61000A18FA /* ViewController.swift in Sources */,
				B66CCD021EBCDE61000A18FA /* AppDelegate.swift in Sources */,
			);
			runOnlyForDeploymentPostprocessing = 0;
		};
/* End PBXSourcesBuildPhase section */

/* Begin PBXVariantGroup section */
		B66CCD051EBCDE61000A18FA /* Main.storyboard */ = {
			isa = PBXVariantGroup;
			children = (
				B66CCD061EBCDE61000A18FA /* Base */,
			);
			name = Main.storyboard;
			sourceTree = "<group>";
		};
		B66CCD0A1EBCDE61000A18FA /* LaunchScreen.storyboard */ = {
			isa = PBXVariantGroup;
			children = (
				B66CCD0B1EBCDE61000A18FA /* Base */,
			);
			name = LaunchScreen.storyboard;
			sourceTree = "<group>";
		};
/* End PBXVariantGroup section */

/* Begin XCBuildConfiguration section */
		B66CCD0E1EBCDE61000A18FA /* Debug */ = {
			isa = XCBuildConfiguration;
			buildSettings = {
				ALWAYS_SEARCH_USER_PATHS = NO;
				CLANG_ANALYZER_NONNULL = YES;
				CLANG_CXX_LANGUAGE_STANDARD = "gnu++0x";
				CLANG_CXX_LIBRARY = "libc++";
				CLANG_ENABLE_MODULES = YES;
				CLANG_ENABLE_OBJC_ARC = YES;
				CLANG_WARN_BOOL_CONVERSION = YES;
				CLANG_WARN_CONSTANT_CONVERSION = YES;
				CLANG_WARN_DIRECT_OBJC_ISA_USAGE = YES_ERROR;
				CLANG_WARN_DOCUMENTATION_COMMENTS = YES;
				CLANG_WARN_EMPTY_BODY = YES;
				CLANG_WARN_ENUM_CONVERSION = YES;
				CLANG_WARN_INFINITE_RECURSION = YES;
				CLANG_WARN_INT_CONVERSION = YES;
				CLANG_WARN_OBJC_ROOT_CLASS = YES_ERROR;
				CLANG_WARN_SUSPICIOUS_MOVE = YES;
				CLANG_WARN_SUSPICIOUS_MOVES = YES;
				CLANG_WARN_UNREACHABLE_CODE = YES;
				CLANG_WARN__DUPLICATE_METHOD_MATCH = YES;
				"CODE_SIGN_IDENTITY[sdk=iphoneos*]" = "iPhone Developer";
				COPY_PHASE_STRIP = NO;
				DEBUG_INFORMATION_FORMAT = dwarf;
				ENABLE_STRICT_OBJC_MSGSEND = YES;
				ENABLE_TESTABILITY = YES;
				GCC_C_LANGUAGE_STANDARD = gnu99;
				GCC_DYNAMIC_NO_PIC = NO;
				GCC_NO_COMMON_BLOCKS = YES;
				GCC_OPTIMIZATION_LEVEL = 0;
				GCC_PREPROCESSOR_DEFINITIONS = (
					"DEBUG=1",
					"$(inherited)",
				);
				GCC_WARN_64_TO_32_BIT_CONVERSION = YES;
				GCC_WARN_ABOUT_RETURN_TYPE = YES_ERROR;
				GCC_WARN_UNDECLARED_SELECTOR = YES;
				GCC_WARN_UNINITIALIZED_AUTOS = YES_AGGRESSIVE;
				GCC_WARN_UNUSED_FUNCTION = YES;
				GCC_WARN_UNUSED_VARIABLE = YES;
				IPHONEOS_DEPLOYMENT_TARGET = 10.1;
				MTL_ENABLE_DEBUG_INFO = YES;
				ONLY_ACTIVE_ARCH = YES;
				SDKROOT = iphoneos;
				SWIFT_ACTIVE_COMPILATION_CONDITIONS = DEBUG;
				SWIFT_OPTIMIZATION_LEVEL = "-Onone";
			};
			name = Debug;
		};
		B66CCD0F1EBCDE61000A18FA /* Release */ = {
			isa = XCBuildConfiguration;
			buildSettings = {
				ALWAYS_SEARCH_USER_PATHS = NO;
				CLANG_ANALYZER_NONNULL = YES;
				CLANG_CXX_LANGUAGE_STANDARD = "gnu++0x";
				CLANG_CXX_LIBRARY = "libc++";
				CLANG_ENABLE_MODULES = YES;
				CLANG_ENABLE_OBJC_ARC = YES;
				CLANG_WARN_BOOL_CONVERSION = YES;
				CLANG_WARN_CONSTANT_CONVERSION = YES;
				CLANG_WARN_DIRECT_OBJC_ISA_USAGE = YES_ERROR;
				CLANG_WARN_DOCUMENTATION_COMMENTS = YES;
				CLANG_WARN_EMPTY_BODY = YES;
				CLANG_WARN_ENUM_CONVERSION = YES;
				CLANG_WARN_INFINITE_RECURSION = YES;
				CLANG_WARN_INT_CONVERSION = YES;
				CLANG_WARN_OBJC_ROOT_CLASS = YES_ERROR;
				CLANG_WARN_SUSPICIOUS_MOVE = YES;
				CLANG_WARN_SUSPICIOUS_MOVES = YES;
				CLANG_WARN_UNREACHABLE_CODE = YES;
				CLANG_WARN__DUPLICATE_METHOD_MATCH = YES;
				"CODE_SIGN_IDENTITY[sdk=iphoneos*]" = "iPhone Developer";
				COPY_PHASE_STRIP = NO;
				DEBUG_INFORMATION_FORMAT = "dwarf-with-dsym";
				ENABLE_NS_ASSERTIONS = NO;
				ENABLE_STRICT_OBJC_MSGSEND = YES;
				GCC_C_LANGUAGE_STANDARD = gnu99;
				GCC_NO_COMMON_BLOCKS = YES;
				GCC_WARN_64_TO_32_BIT_CONVERSION = YES;
				GCC_WARN_ABOUT_RETURN_TYPE = YES_ERROR;
				GCC_WARN_UNDECLARED_SELECTOR = YES;
				GCC_WARN_UNINITIALIZED_AUTOS = YES_AGGRESSIVE;
				GCC_WARN_UNUSED_FUNCTION = YES;
				GCC_WARN_UNUSED_VARIABLE = YES;
				IPHONEOS_DEPLOYMENT_TARGET = 10.1;
				MTL_ENABLE_DEBUG_INFO = NO;
				SDKROOT = iphoneos;
				SWIFT_OPTIMIZATION_LEVEL = "-Owholemodule";
				VALIDATE_PRODUCT = YES;
			};
			name = Release;
		};
		B66CCD111EBCDE61000A18FA /* Debug */ = {
			isa = XCBuildConfiguration;
			baseConfigurationReference = E44B08CBDDF025C1C0D5A73B /* Pods-DemoBarCodeGen.debug.xcconfig */;
			buildSettings = {
				ALWAYS_EMBED_SWIFT_STANDARD_LIBRARIES = YES;
				ASSETCATALOG_COMPILER_APPICON_NAME = AppIcon;
				DEVELOPMENT_TEAM = BBFCPF47ZM;
				INFOPLIST_FILE = DemoBarCodeGen/Info.plist;
				LD_RUNPATH_SEARCH_PATHS = "$(inherited) @executable_path/Frameworks";
				PRODUCT_BUNDLE_IDENTIFIER = come.aldomatic.DemoBarCodeGen;
				PRODUCT_NAME = "$(TARGET_NAME)";
				SWIFT_VERSION = 3.0;
			};
			name = Debug;
		};
		B66CCD121EBCDE61000A18FA /* Release */ = {
			isa = XCBuildConfiguration;
			baseConfigurationReference = D05F0B88B258F667871F4025 /* Pods-DemoBarCodeGen.release.xcconfig */;
			buildSettings = {
				ALWAYS_EMBED_SWIFT_STANDARD_LIBRARIES = YES;
				ASSETCATALOG_COMPILER_APPICON_NAME = AppIcon;
				DEVELOPMENT_TEAM = BBFCPF47ZM;
				INFOPLIST_FILE = DemoBarCodeGen/Info.plist;
				LD_RUNPATH_SEARCH_PATHS = "$(inherited) @executable_path/Frameworks";
				PRODUCT_BUNDLE_IDENTIFIER = come.aldomatic.DemoBarCodeGen;
				PRODUCT_NAME = "$(TARGET_NAME)";
				SWIFT_VERSION = 3.0;
			};
			name = Release;
		};
/* End XCBuildConfiguration section */

/* Begin XCConfigurationList section */
		B66CCCF91EBCDE61000A18FA /* Build configuration list for PBXProject "DemoBarCodeGen" */ = {
			isa = XCConfigurationList;
			buildConfigurations = (
				B66CCD0E1EBCDE61000A18FA /* Debug */,
				B66CCD0F1EBCDE61000A18FA /* Release */,
			);
			defaultConfigurationIsVisible = 0;
			defaultConfigurationName = Release;
		};
		B66CCD101EBCDE61000A18FA /* Build configuration list for PBXNativeTarget "DemoBarCodeGen" */ = {
			isa = XCConfigurationList;
			buildConfigurations = (
				B66CCD111EBCDE61000A18FA /* Debug */,
				B66CCD121EBCDE61000A18FA /* Release */,
			);
			defaultConfigurationIsVisible = 0;
			defaultConfigurationName = Release;
		};
/* End XCConfigurationList section */
	};
	rootObject = B66CCCF61EBCDE61000A18FA /* Project object */;
}
